
Microsoft Visual Studio Solution File, Format Version 12.00
# Visual Studio Version 16
VisualStudioVersion = 16.0.31515.178
MinimumVisualStudioVersion = 10.0.40219.1
Project("{FAE04EC0-301F-11D3-BF4B-00C04F79EFBC}") = "AutenticacaoLogin", "AutenticacaoLogin\AutenticacaoLogin.csproj", "{89C338E3-D13D-4F70-A6B2-CAD9E5BAA1D3}"
EndProject
Global
	GlobalSection(SolutionConfigurationPlatforms) = preSolution
		Debug|Any CPU = Debug|Any CPU
		Release|Any CPU = Release|Any CPU
	EndGlobalSection
	GlobalSection(ProjectConfigurationPlatforms) = postSolution
		{89C338E3-D13D-4F70-A6B2-CAD9E5BAA1D3}.Debug|Any CPU.ActiveCfg = Debug|Any CPU
		{89C338E3-D13D-4F70-A6B2-CAD9E5BAA1D3}.Debug|Any CPU.Build.0 = Debug|Any CPU
		{89C338E3-D13D-4F70-A6B2-CAD9E5BAA1D3}.Release|Any CPU.ActiveCfg = Release|Any CPU
		{89C338E3-D13D-4F70-A6B2-CAD9E5BAA1D3}.Release|Any CPU.Build.0 = Release|Any CPU
	EndGlobalSection
	GlobalSection(SolutionProperties) = preSolution
		HideSolutionNode = FALSE
	EndGlobalSection
	GlobalSection(ExtensibilityGlobals) = postSolution
		SolutionGuid = {4C40304D-1882-4C0A-B67A-62AEF61D3E13}
	EndGlobalSection
EndGlobal
